
Microsoft Visual Studio Solution File, Format Version 12.00
# Visual Studio 15
VisualStudioVersion = 15.0.27004.2005
MinimumVisualStudioVersion = 10.0.40219.1
Project("{FAE04EC0-301F-11D3-BF4B-00C04F79EFBC}") = "TriviaClient", "TriviaClient\TriviaClient.csproj", "{C1AA2D9C-4366-4C10-B9BC-715F2923AD55}"
EndProject
Global
	GlobalSection(SolutionConfigurationPlatforms) = preSolution
		Debug|Any CPU = Debug|Any CPU
		Release|Any CPU = Release|Any CPU
	EndGlobalSection
	GlobalSection(ProjectConfigurationPlatforms) = postSolution
		{C1AA2D9C-4366-4C10-B9BC-715F2923AD55}.Debug|Any CPU.ActiveCfg = Debug|Any CPU
		{C1AA2D9C-4366-4C10-B9BC-715F2923AD55}.Debug|Any CPU.Build.0 = Debug|Any CPU
		{C1AA2D9C-4366-4C10-B9BC-715F2923AD55}.Release|Any CPU.ActiveCfg = Release|Any CPU
		{C1AA2D9C-4366-4C10-B9BC-715F2923AD55}.Release|Any CPU.Build.0 = Release|Any CPU
	EndGlobalSection
	GlobalSection(SolutionProperties) = preSolution
		HideSolutionNode = FALSE
	EndGlobalSection
	GlobalSection(ExtensibilityGlobals) = postSolution
		SolutionGuid = {DA0341F6-F585-45B3-B093-4DBB453235A5}
	EndGlobalSection
EndGlobal
